
Microsoft Visual Studio Solution File, Format Version 12.00
# Visual Studio Version 17
VisualStudioVersion = 17.8.34511.84
MinimumVisualStudioVersion = 10.0.40219.1
Project("{2150E333-8FDC-42A3-9474-1A3956D46DE8}") = "Services", "Services", "{111D90EF-E7AF-42E3-985F-B7E1193552B3}"
EndProject
Project("{2150E333-8FDC-42A3-9474-1A3956D46DE8}") = "Catalog", "Catalog", "{52AACB00-BCA3-4888-83CC-33DAA1C3BA3D}"
EndProject
Project("{9A19103F-16F7-4668-BE54-9A1E7A4F7556}") = "OllieShop.Catalog", "Services\Catalog\OllieShop.Catalog\OllieShop.Catalog.csproj", "{134CAC49-B559-48F2-A0E1-703DC401C032}"
EndProject
Project("{2150E333-8FDC-42A3-9474-1A3956D46DE8}") = "Discount", "Discount", "{11576797-1DCE-4A18-A601-02B2EEACC6BF}"
EndProject
Project("{9A19103F-16F7-4668-BE54-9A1E7A4F7556}") = "OllieShop.Discount", "Services\Discount\OllieShop.Discount\OllieShop.Discount.csproj", "{41B4B1E3-AC36-46AA-A3D7-22806893003A}"
EndProject
Project("{2150E333-8FDC-42A3-9474-1A3956D46DE8}") = "Order", "Order", "{4ABA6806-2E92-4A34-B0BC-8422F7FB4837}"
EndProject
Project("{2150E333-8FDC-42A3-9474-1A3956D46DE8}") = "Core", "Core", "{2E34215B-2EA9-42A1-A068-3158EDC6FFC1}"
EndProject
Project("{2150E333-8FDC-42A3-9474-1A3956D46DE8}") = "Infrastructure", "Infrastructure", "{366D4BEE-7F3A-4EC5-B61B-AF853D4F236D}"
EndProject
Project("{2150E333-8FDC-42A3-9474-1A3956D46DE8}") = "Presentation", "Presentation", "{C5DD0EF9-1FDB-4CBB-A71E-780B64421197}"
EndProject
Project("{FAE04EC0-301F-11D3-BF4B-00C04F79EFBC}") = "OllieShop.Order.Domain", "Services\Order\Core\OllieShop.Order.Domain\OllieShop.Order.Domain.csproj", "{6A806D17-1359-46A0-A1CD-58EC07A501A4}"
EndProject
Project("{FAE04EC0-301F-11D3-BF4B-00C04F79EFBC}") = "OllieShop.Order.Application", "OllieShop.Order.Application\OllieShop.Order.Application.csproj", "{122B9B53-5B48-495E-AB27-0EF677EFE18F}"
EndProject
Project("{FAE04EC0-301F-11D3-BF4B-00C04F79EFBC}") = "OllieShop.Order.Persistance", "Services\Order\Infrastructure\OllieShop.Order.Persistance\OllieShop.Order.Persistance.csproj", "{D11472E9-8600-407F-8C69-5103626BFEBE}"
EndProject
Project("{FAE04EC0-301F-11D3-BF4B-00C04F79EFBC}") = "OllieShop.Order.WebApi", "Services\Order\Presentation\OllieShop.Order.WebApi\OllieShop.Order.WebApi.csproj", "{1D0743A5-1A20-4D0A-BA08-217B852BB919}"
EndProject
Global
	GlobalSection(SolutionConfigurationPlatforms) = preSolution
		Debug|Any CPU = Debug|Any CPU
		Release|Any CPU = Release|Any CPU
	EndGlobalSection
	GlobalSection(ProjectConfigurationPlatforms) = postSolution
		{134CAC49-B559-48F2-A0E1-703DC401C032}.Debug|Any CPU.ActiveCfg = Debug|Any CPU
		{134CAC49-B559-48F2-A0E1-703DC401C032}.Debug|Any CPU.Build.0 = Debug|Any CPU
		{134CAC49-B559-48F2-A0E1-703DC401C032}.Release|Any CPU.ActiveCfg = Release|Any CPU
		{134CAC49-B559-48F2-A0E1-703DC401C032}.Release|Any CPU.Build.0 = Release|Any CPU
		{41B4B1E3-AC36-46AA-A3D7-22806893003A}.Debug|Any CPU.ActiveCfg = Debug|Any CPU
		{41B4B1E3-AC36-46AA-A3D7-22806893003A}.Debug|Any CPU.Build.0 = Debug|Any CPU
		{41B4B1E3-AC36-46AA-A3D7-22806893003A}.Release|Any CPU.ActiveCfg = Release|Any CPU
		{41B4B1E3-AC36-46AA-A3D7-22806893003A}.Release|Any CPU.Build.0 = Release|Any CPU
		{6A806D17-1359-46A0-A1CD-58EC07A501A4}.Debug|Any CPU.ActiveCfg = Debug|Any CPU
		{6A806D17-1359-46A0-A1CD-58EC07A501A4}.Debug|Any CPU.Build.0 = Debug|Any CPU
		{6A806D17-1359-46A0-A1CD-58EC07A501A4}.Release|Any CPU.ActiveCfg = Release|Any CPU
		{6A806D17-1359-46A0-A1CD-58EC07A501A4}.Release|Any CPU.Build.0 = Release|Any CPU
		{122B9B53-5B48-495E-AB27-0EF677EFE18F}.Debug|Any CPU.ActiveCfg = Debug|Any CPU
		{122B9B53-5B48-495E-AB27-0EF677EFE18F}.Debug|Any CPU.Build.0 = Debug|Any CPU
		{122B9B53-5B48-495E-AB27-0EF677EFE18F}.Release|Any CPU.ActiveCfg = Release|Any CPU
		{122B9B53-5B48-495E-AB27-0EF677EFE18F}.Release|Any CPU.Build.0 = Release|Any CPU
		{D11472E9-8600-407F-8C69-5103626BFEBE}.Debug|Any CPU.ActiveCfg = Debug|Any CPU
		{D11472E9-8600-407F-8C69-5103626BFEBE}.Debug|Any CPU.Build.0 = Debug|Any CPU
		{D11472E9-8600-407F-8C69-5103626BFEBE}.Release|Any CPU.ActiveCfg = Release|Any CPU
		{D11472E9-8600-407F-8C69-5103626BFEBE}.Release|Any CPU.Build.0 = Release|Any CPU
		{1D0743A5-1A20-4D0A-BA08-217B852BB919}.Debug|Any CPU.ActiveCfg = Debug|Any CPU
		{1D0743A5-1A20-4D0A-BA08-217B852BB919}.Debug|Any CPU.Build.0 = Debug|Any CPU
		{1D0743A5-1A20-4D0A-BA08-217B852BB919}.Release|Any CPU.ActiveCfg = Release|Any CPU
		{1D0743A5-1A20-4D0A-BA08-217B852BB919}.Release|Any CPU.Build.0 = Release|Any CPU
	EndGlobalSection
	GlobalSection(SolutionProperties) = preSolution
		HideSolutionNode = FALSE
	EndGlobalSection
	GlobalSection(NestedProjects) = preSolution
		{52AACB00-BCA3-4888-83CC-33DAA1C3BA3D} = {111D90EF-E7AF-42E3-985F-B7E1193552B3}
		{134CAC49-B559-48F2-A0E1-703DC401C032} = {52AACB00-BCA3-4888-83CC-33DAA1C3BA3D}
		{11576797-1DCE-4A18-A601-02B2EEACC6BF} = {111D90EF-E7AF-42E3-985F-B7E1193552B3}
		{41B4B1E3-AC36-46AA-A3D7-22806893003A} = {11576797-1DCE-4A18-A601-02B2EEACC6BF}
		{4ABA6806-2E92-4A34-B0BC-8422F7FB4837} = {111D90EF-E7AF-42E3-985F-B7E1193552B3}
		{2E34215B-2EA9-42A1-A068-3158EDC6FFC1} = {4ABA6806-2E92-4A34-B0BC-8422F7FB4837}
		{366D4BEE-7F3A-4EC5-B61B-AF853D4F236D} = {4ABA6806-2E92-4A34-B0BC-8422F7FB4837}
		{C5DD0EF9-1FDB-4CBB-A71E-780B64421197} = {4ABA6806-2E92-4A34-B0BC-8422F7FB4837}
		{6A806D17-1359-46A0-A1CD-58EC07A501A4} = {2E34215B-2EA9-42A1-A068-3158EDC6FFC1}
		{122B9B53-5B48-495E-AB27-0EF677EFE18F} = {2E34215B-2EA9-42A1-A068-3158EDC6FFC1}
		{D11472E9-8600-407F-8C69-5103626BFEBE} = {366D4BEE-7F3A-4EC5-B61B-AF853D4F236D}
		{1D0743A5-1A20-4D0A-BA08-217B852BB919} = {C5DD0EF9-1FDB-4CBB-A71E-780B64421197}
	EndGlobalSection
	GlobalSection(ExtensibilityGlobals) = postSolution
		SolutionGuid = {1DFDD18C-2BB1-4D55-8239-FFF80F0D1873}
	EndGlobalSection
EndGlobal
