
Microsoft Visual Studio Solution File, Format Version 12.00
# Visual Studio Version 17
VisualStudioVersion = 17.8.34511.84
MinimumVisualStudioVersion = 10.0.40219.1
Project("{2150E333-8FDC-42A3-9474-1A3956D46DE8}") = "Services", "Services", "{111D90EF-E7AF-42E3-985F-B7E1193552B3}"
EndProject
Project("{2150E333-8FDC-42A3-9474-1A3956D46DE8}") = "Catalog", "Catalog", "{52AACB00-BCA3-4888-83CC-33DAA1C3BA3D}"
EndProject
Project("{9A19103F-16F7-4668-BE54-9A1E7A4F7556}") = "OllieShop.Catalog", "Services\Catalog\OllieShop.Catalog\OllieShop.Catalog.csproj", "{134CAC49-B559-48F2-A0E1-703DC401C032}"
EndProject
Project("{2150E333-8FDC-42A3-9474-1A3956D46DE8}") = "Discount", "Discount", "{11576797-1DCE-4A18-A601-02B2EEACC6BF}"
EndProject
Project("{9A19103F-16F7-4668-BE54-9A1E7A4F7556}") = "OllieShop.Discount", "Services\Discount\OllieShop.Discount\OllieShop.Discount.csproj", "{41B4B1E3-AC36-46AA-A3D7-22806893003A}"
EndProject
Project("{2150E333-8FDC-42A3-9474-1A3956D46DE8}") = "Order", "Order", "{4ABA6806-2E92-4A34-B0BC-8422F7FB4837}"
EndProject
Project("{2150E333-8FDC-42A3-9474-1A3956D46DE8}") = "Core", "Core", "{2E34215B-2EA9-42A1-A068-3158EDC6FFC1}"
EndProject
Project("{2150E333-8FDC-42A3-9474-1A3956D46DE8}") = "Infrastructure", "Infrastructure", "{366D4BEE-7F3A-4EC5-B61B-AF853D4F236D}"
EndProject
Project("{2150E333-8FDC-42A3-9474-1A3956D46DE8}") = "Presentation", "Presentation", "{C5DD0EF9-1FDB-4CBB-A71E-780B64421197}"
EndProject
Project("{9A19103F-16F7-4668-BE54-9A1E7A4F7556}") = "OllieShop.Order.Domain", "Services\Order\Core\OllieShop.Order.Domain\OllieShop.Order.Domain.csproj", "{6A806D17-1359-46A0-A1CD-58EC07A501A4}"
EndProject
Project("{9A19103F-16F7-4668-BE54-9A1E7A4F7556}") = "OllieShop.Order.Application", "OllieShop.Order.Application\OllieShop.Order.Application.csproj", "{122B9B53-5B48-495E-AB27-0EF677EFE18F}"
EndProject
Project("{9A19103F-16F7-4668-BE54-9A1E7A4F7556}") = "OllieShop.Order.Persistance", "Services\Order\Infrastructure\OllieShop.Order.Persistance\OllieShop.Order.Persistance.csproj", "{D11472E9-8600-407F-8C69-5103626BFEBE}"
EndProject
Project("{9A19103F-16F7-4668-BE54-9A1E7A4F7556}") = "OllieShop.Order.WebApi", "Services\Order\Presentation\OllieShop.Order.WebApi\OllieShop.Order.WebApi.csproj", "{1D0743A5-1A20-4D0A-BA08-217B852BB919}"
EndProject
Project("{2150E333-8FDC-42A3-9474-1A3956D46DE8}") = "IdentityServer", "IdentityServer", "{AB6CB13A-8F66-4DBB-BC92-8D7016237B70}"
EndProject
Project("{9A19103F-16F7-4668-BE54-9A1E7A4F7556}") = "OllieShop.IdentityServer", "IdentityServer\OllieShop.IdentityServer\OllieShop.IdentityServer.csproj", "{FD14C92B-CA1C-4ABA-B549-3BC0845AD104}"
EndProject
Project("{2150E333-8FDC-42A3-9474-1A3956D46DE8}") = "Requirements", "Requirements", "{1069A14D-44A9-4FDE-BF35-01AF618A0144}"
	ProjectSection(SolutionItems) = preProject
		IdentityServerVersionErrorSolution.txt = IdentityServerVersionErrorSolution.txt
		LoginIndex.txt = LoginIndex.txt
		OcelotCodeExample.txt = OcelotCodeExample.txt
		PortainerCMD.txt = PortainerCMD.txt
		PortNumbers.txt = PortNumbers.txt
	EndProjectSection
EndProject
Project("{2150E333-8FDC-42A3-9474-1A3956D46DE8}") = "Cargo", "Cargo", "{C63FEEB2-BB59-40DC-BEEB-A0C5828ABAB5}"
EndProject
Project("{9A19103F-16F7-4668-BE54-9A1E7A4F7556}") = "OllieShop.Cargo.EntityLayer", "Services\Cargo\OllieShop.Cargo.EntityLayer\OllieShop.Cargo.EntityLayer.csproj", "{87B8E34D-B5D1-418A-9AD1-43F9C1C478E8}"
EndProject
Project("{9A19103F-16F7-4668-BE54-9A1E7A4F7556}") = "OllieShop.Cargo.BusinessLayer", "Services\Cargo\OllieShop.Cargo.BusinessLayer\OllieShop.Cargo.BusinessLayer.csproj", "{A2652314-D3E1-4F1D-BFDF-BE1979F5C069}"
EndProject
Project("{9A19103F-16F7-4668-BE54-9A1E7A4F7556}") = "OllieShop.Cargo.DataAccessLayer", "Services\Cargo\OllieShop.Cargo.DataAccessLayer\OllieShop.Cargo.DataAccessLayer.csproj", "{F53ED4E7-8070-4080-9F06-9E0FE4A7A9A2}"
EndProject
Project("{9A19103F-16F7-4668-BE54-9A1E7A4F7556}") = "OllieShop.Cargo.DtoLayer", "Services\Cargo\OllieShop.Cargo.DtoLayer\OllieShop.Cargo.DtoLayer.csproj", "{EAA8174D-EF46-4951-B3AF-1D768C3AA860}"
EndProject
Project("{9A19103F-16F7-4668-BE54-9A1E7A4F7556}") = "OllieShop.Cargo.WebApi", "Services\Cargo\OllieShop.Cargo.WebApi\OllieShop.Cargo.WebApi.csproj", "{BD277DF3-BDCC-4231-9F9D-BF2A9E758FC1}"
EndProject
Project("{2150E333-8FDC-42A3-9474-1A3956D46DE8}") = "Basket", "Basket", "{6C810E5A-B948-44E4-8792-E102163A2887}"
EndProject
Project("{9A19103F-16F7-4668-BE54-9A1E7A4F7556}") = "OllieShop.Basket", "Services\Basket\OllieShop.Basket\OllieShop.Basket.csproj", "{E8293165-E8FD-464F-A03A-69E22563DEC3}"
EndProject
Project("{2150E333-8FDC-42A3-9474-1A3956D46DE8}") = "Frontend", "Frontend", "{26F84BD7-AEFE-48AD-AD3D-68BCF0064614}"
EndProject
Project("{9A19103F-16F7-4668-BE54-9A1E7A4F7556}") = "OllieShop.WebUI", "Frontend\OllieShop.WebUI\OllieShop.WebUI.csproj", "{DFB44CC1-5521-40C1-94F2-B99993317906}"
EndProject
Project("{9A19103F-16F7-4668-BE54-9A1E7A4F7556}") = "OllieShop.DtoLayer", "Frontend\OllieShop.DtoLayer\OllieShop.DtoLayer.csproj", "{58454FE7-3A23-4068-A49B-DD7826676AD5}"
EndProject
Project("{2150E333-8FDC-42A3-9474-1A3956D46DE8}") = "Comment", "Comment", "{2464B36B-4E26-48C8-B017-5E418C8D217F}"
EndProject
Project("{9A19103F-16F7-4668-BE54-9A1E7A4F7556}") = "OllieShop.Comment", "Services\Comment\OllieShop.Comment\OllieShop.Comment.csproj", "{F83877BD-282C-4785-8A3B-D36D138B9228}"
EndProject
Project("{2150E333-8FDC-42A3-9474-1A3956D46DE8}") = "ApiGateway", "ApiGateway", "{C8917F48-55B4-4259-963D-FF026247F65D}"
EndProject
Project("{9A19103F-16F7-4668-BE54-9A1E7A4F7556}") = "OllieShop.OcelotGateway", "ApiGateway\OllieShop.OcelotGateway\OllieShop.OcelotGateway.csproj", "{6469DEB1-34CE-404A-B656-8B80DAE3DECD}"
EndProject
Project("{2150E333-8FDC-42A3-9474-1A3956D46DE8}") = "Payment", "Payment", "{2BB0C633-05EB-485D-AB75-74D609C7E8B5}"
EndProject
Project("{9A19103F-16F7-4668-BE54-9A1E7A4F7556}") = "OllieShop.Payment", "Services\Payment\OllieShop.Payment\OllieShop.Payment.csproj", "{398BD2A4-0190-44F8-A16F-C3B4D1B18DD5}"
EndProject
Project("{2150E333-8FDC-42A3-9474-1A3956D46DE8}") = "Images", "Images", "{B8444272-850E-4812-8C5D-62042246656E}"
EndProject
Project("{9A19103F-16F7-4668-BE54-9A1E7A4F7556}") = "OlliShop.Images", "Services\Images\OlliShop.Images\OlliShop.Images.csproj", "{F70B83C7-4252-4C82-A989-CA80A4AF7BEA}"
EndProject
Global
	GlobalSection(SolutionConfigurationPlatforms) = preSolution
		Debug|Any CPU = Debug|Any CPU
		Release|Any CPU = Release|Any CPU
	EndGlobalSection
	GlobalSection(ProjectConfigurationPlatforms) = postSolution
		{134CAC49-B559-48F2-A0E1-703DC401C032}.Debug|Any CPU.ActiveCfg = Debug|Any CPU
		{134CAC49-B559-48F2-A0E1-703DC401C032}.Debug|Any CPU.Build.0 = Debug|Any CPU
		{134CAC49-B559-48F2-A0E1-703DC401C032}.Release|Any CPU.ActiveCfg = Release|Any CPU
		{134CAC49-B559-48F2-A0E1-703DC401C032}.Release|Any CPU.Build.0 = Release|Any CPU
		{41B4B1E3-AC36-46AA-A3D7-22806893003A}.Debug|Any CPU.ActiveCfg = Debug|Any CPU
		{41B4B1E3-AC36-46AA-A3D7-22806893003A}.Debug|Any CPU.Build.0 = Debug|Any CPU
		{41B4B1E3-AC36-46AA-A3D7-22806893003A}.Release|Any CPU.ActiveCfg = Release|Any CPU
		{41B4B1E3-AC36-46AA-A3D7-22806893003A}.Release|Any CPU.Build.0 = Release|Any CPU
		{6A806D17-1359-46A0-A1CD-58EC07A501A4}.Debug|Any CPU.ActiveCfg = Debug|Any CPU
		{6A806D17-1359-46A0-A1CD-58EC07A501A4}.Debug|Any CPU.Build.0 = Debug|Any CPU
		{6A806D17-1359-46A0-A1CD-58EC07A501A4}.Release|Any CPU.ActiveCfg = Release|Any CPU
		{6A806D17-1359-46A0-A1CD-58EC07A501A4}.Release|Any CPU.Build.0 = Release|Any CPU
		{122B9B53-5B48-495E-AB27-0EF677EFE18F}.Debug|Any CPU.ActiveCfg = Debug|Any CPU
		{122B9B53-5B48-495E-AB27-0EF677EFE18F}.Debug|Any CPU.Build.0 = Debug|Any CPU
		{122B9B53-5B48-495E-AB27-0EF677EFE18F}.Release|Any CPU.ActiveCfg = Release|Any CPU
		{122B9B53-5B48-495E-AB27-0EF677EFE18F}.Release|Any CPU.Build.0 = Release|Any CPU
		{D11472E9-8600-407F-8C69-5103626BFEBE}.Debug|Any CPU.ActiveCfg = Debug|Any CPU
		{D11472E9-8600-407F-8C69-5103626BFEBE}.Debug|Any CPU.Build.0 = Debug|Any CPU
		{D11472E9-8600-407F-8C69-5103626BFEBE}.Release|Any CPU.ActiveCfg = Release|Any CPU
		{D11472E9-8600-407F-8C69-5103626BFEBE}.Release|Any CPU.Build.0 = Release|Any CPU
		{1D0743A5-1A20-4D0A-BA08-217B852BB919}.Debug|Any CPU.ActiveCfg = Debug|Any CPU
		{1D0743A5-1A20-4D0A-BA08-217B852BB919}.Debug|Any CPU.Build.0 = Debug|Any CPU
		{1D0743A5-1A20-4D0A-BA08-217B852BB919}.Release|Any CPU.ActiveCfg = Release|Any CPU
		{1D0743A5-1A20-4D0A-BA08-217B852BB919}.Release|Any CPU.Build.0 = Release|Any CPU
		{FD14C92B-CA1C-4ABA-B549-3BC0845AD104}.Debug|Any CPU.ActiveCfg = Debug|Any CPU
		{FD14C92B-CA1C-4ABA-B549-3BC0845AD104}.Debug|Any CPU.Build.0 = Debug|Any CPU
		{FD14C92B-CA1C-4ABA-B549-3BC0845AD104}.Release|Any CPU.ActiveCfg = Release|Any CPU
		{FD14C92B-CA1C-4ABA-B549-3BC0845AD104}.Release|Any CPU.Build.0 = Release|Any CPU
		{87B8E34D-B5D1-418A-9AD1-43F9C1C478E8}.Debug|Any CPU.ActiveCfg = Debug|Any CPU
		{87B8E34D-B5D1-418A-9AD1-43F9C1C478E8}.Debug|Any CPU.Build.0 = Debug|Any CPU
		{87B8E34D-B5D1-418A-9AD1-43F9C1C478E8}.Release|Any CPU.ActiveCfg = Release|Any CPU
		{87B8E34D-B5D1-418A-9AD1-43F9C1C478E8}.Release|Any CPU.Build.0 = Release|Any CPU
		{A2652314-D3E1-4F1D-BFDF-BE1979F5C069}.Debug|Any CPU.ActiveCfg = Debug|Any CPU
		{A2652314-D3E1-4F1D-BFDF-BE1979F5C069}.Debug|Any CPU.Build.0 = Debug|Any CPU
		{A2652314-D3E1-4F1D-BFDF-BE1979F5C069}.Release|Any CPU.ActiveCfg = Release|Any CPU
		{A2652314-D3E1-4F1D-BFDF-BE1979F5C069}.Release|Any CPU.Build.0 = Release|Any CPU
		{F53ED4E7-8070-4080-9F06-9E0FE4A7A9A2}.Debug|Any CPU.ActiveCfg = Debug|Any CPU
		{F53ED4E7-8070-4080-9F06-9E0FE4A7A9A2}.Debug|Any CPU.Build.0 = Debug|Any CPU
		{F53ED4E7-8070-4080-9F06-9E0FE4A7A9A2}.Release|Any CPU.ActiveCfg = Release|Any CPU
		{F53ED4E7-8070-4080-9F06-9E0FE4A7A9A2}.Release|Any CPU.Build.0 = Release|Any CPU
		{EAA8174D-EF46-4951-B3AF-1D768C3AA860}.Debug|Any CPU.ActiveCfg = Debug|Any CPU
		{EAA8174D-EF46-4951-B3AF-1D768C3AA860}.Debug|Any CPU.Build.0 = Debug|Any CPU
		{EAA8174D-EF46-4951-B3AF-1D768C3AA860}.Release|Any CPU.ActiveCfg = Release|Any CPU
		{EAA8174D-EF46-4951-B3AF-1D768C3AA860}.Release|Any CPU.Build.0 = Release|Any CPU
		{BD277DF3-BDCC-4231-9F9D-BF2A9E758FC1}.Debug|Any CPU.ActiveCfg = Debug|Any CPU
		{BD277DF3-BDCC-4231-9F9D-BF2A9E758FC1}.Debug|Any CPU.Build.0 = Debug|Any CPU
		{BD277DF3-BDCC-4231-9F9D-BF2A9E758FC1}.Release|Any CPU.ActiveCfg = Release|Any CPU
		{BD277DF3-BDCC-4231-9F9D-BF2A9E758FC1}.Release|Any CPU.Build.0 = Release|Any CPU
		{E8293165-E8FD-464F-A03A-69E22563DEC3}.Debug|Any CPU.ActiveCfg = Debug|Any CPU
		{E8293165-E8FD-464F-A03A-69E22563DEC3}.Debug|Any CPU.Build.0 = Debug|Any CPU
		{E8293165-E8FD-464F-A03A-69E22563DEC3}.Release|Any CPU.ActiveCfg = Release|Any CPU
		{E8293165-E8FD-464F-A03A-69E22563DEC3}.Release|Any CPU.Build.0 = Release|Any CPU
		{DFB44CC1-5521-40C1-94F2-B99993317906}.Debug|Any CPU.ActiveCfg = Debug|Any CPU
		{DFB44CC1-5521-40C1-94F2-B99993317906}.Debug|Any CPU.Build.0 = Debug|Any CPU
		{DFB44CC1-5521-40C1-94F2-B99993317906}.Release|Any CPU.ActiveCfg = Release|Any CPU
		{DFB44CC1-5521-40C1-94F2-B99993317906}.Release|Any CPU.Build.0 = Release|Any CPU
		{58454FE7-3A23-4068-A49B-DD7826676AD5}.Debug|Any CPU.ActiveCfg = Debug|Any CPU
		{58454FE7-3A23-4068-A49B-DD7826676AD5}.Debug|Any CPU.Build.0 = Debug|Any CPU
		{58454FE7-3A23-4068-A49B-DD7826676AD5}.Release|Any CPU.ActiveCfg = Release|Any CPU
		{58454FE7-3A23-4068-A49B-DD7826676AD5}.Release|Any CPU.Build.0 = Release|Any CPU
		{F83877BD-282C-4785-8A3B-D36D138B9228}.Debug|Any CPU.ActiveCfg = Debug|Any CPU
		{F83877BD-282C-4785-8A3B-D36D138B9228}.Debug|Any CPU.Build.0 = Debug|Any CPU
		{F83877BD-282C-4785-8A3B-D36D138B9228}.Release|Any CPU.ActiveCfg = Release|Any CPU
		{F83877BD-282C-4785-8A3B-D36D138B9228}.Release|Any CPU.Build.0 = Release|Any CPU
		{6469DEB1-34CE-404A-B656-8B80DAE3DECD}.Debug|Any CPU.ActiveCfg = Debug|Any CPU
		{6469DEB1-34CE-404A-B656-8B80DAE3DECD}.Debug|Any CPU.Build.0 = Debug|Any CPU
		{6469DEB1-34CE-404A-B656-8B80DAE3DECD}.Release|Any CPU.ActiveCfg = Release|Any CPU
		{6469DEB1-34CE-404A-B656-8B80DAE3DECD}.Release|Any CPU.Build.0 = Release|Any CPU
		{398BD2A4-0190-44F8-A16F-C3B4D1B18DD5}.Debug|Any CPU.ActiveCfg = Debug|Any CPU
		{398BD2A4-0190-44F8-A16F-C3B4D1B18DD5}.Debug|Any CPU.Build.0 = Debug|Any CPU
		{398BD2A4-0190-44F8-A16F-C3B4D1B18DD5}.Release|Any CPU.ActiveCfg = Release|Any CPU
		{398BD2A4-0190-44F8-A16F-C3B4D1B18DD5}.Release|Any CPU.Build.0 = Release|Any CPU
		{F70B83C7-4252-4C82-A989-CA80A4AF7BEA}.Debug|Any CPU.ActiveCfg = Debug|Any CPU
		{F70B83C7-4252-4C82-A989-CA80A4AF7BEA}.Debug|Any CPU.Build.0 = Debug|Any CPU
		{F70B83C7-4252-4C82-A989-CA80A4AF7BEA}.Release|Any CPU.ActiveCfg = Release|Any CPU
		{F70B83C7-4252-4C82-A989-CA80A4AF7BEA}.Release|Any CPU.Build.0 = Release|Any CPU
	EndGlobalSection
	GlobalSection(SolutionProperties) = preSolution
		HideSolutionNode = FALSE
	EndGlobalSection
	GlobalSection(NestedProjects) = preSolution
		{52AACB00-BCA3-4888-83CC-33DAA1C3BA3D} = {111D90EF-E7AF-42E3-985F-B7E1193552B3}
		{134CAC49-B559-48F2-A0E1-703DC401C032} = {52AACB00-BCA3-4888-83CC-33DAA1C3BA3D}
		{11576797-1DCE-4A18-A601-02B2EEACC6BF} = {111D90EF-E7AF-42E3-985F-B7E1193552B3}
		{41B4B1E3-AC36-46AA-A3D7-22806893003A} = {11576797-1DCE-4A18-A601-02B2EEACC6BF}
		{4ABA6806-2E92-4A34-B0BC-8422F7FB4837} = {111D90EF-E7AF-42E3-985F-B7E1193552B3}
		{2E34215B-2EA9-42A1-A068-3158EDC6FFC1} = {4ABA6806-2E92-4A34-B0BC-8422F7FB4837}
		{366D4BEE-7F3A-4EC5-B61B-AF853D4F236D} = {4ABA6806-2E92-4A34-B0BC-8422F7FB4837}
		{C5DD0EF9-1FDB-4CBB-A71E-780B64421197} = {4ABA6806-2E92-4A34-B0BC-8422F7FB4837}
		{6A806D17-1359-46A0-A1CD-58EC07A501A4} = {2E34215B-2EA9-42A1-A068-3158EDC6FFC1}
		{122B9B53-5B48-495E-AB27-0EF677EFE18F} = {2E34215B-2EA9-42A1-A068-3158EDC6FFC1}
		{D11472E9-8600-407F-8C69-5103626BFEBE} = {366D4BEE-7F3A-4EC5-B61B-AF853D4F236D}
		{1D0743A5-1A20-4D0A-BA08-217B852BB919} = {C5DD0EF9-1FDB-4CBB-A71E-780B64421197}
		{FD14C92B-CA1C-4ABA-B549-3BC0845AD104} = {AB6CB13A-8F66-4DBB-BC92-8D7016237B70}
		{C63FEEB2-BB59-40DC-BEEB-A0C5828ABAB5} = {111D90EF-E7AF-42E3-985F-B7E1193552B3}
		{87B8E34D-B5D1-418A-9AD1-43F9C1C478E8} = {C63FEEB2-BB59-40DC-BEEB-A0C5828ABAB5}
		{A2652314-D3E1-4F1D-BFDF-BE1979F5C069} = {C63FEEB2-BB59-40DC-BEEB-A0C5828ABAB5}
		{F53ED4E7-8070-4080-9F06-9E0FE4A7A9A2} = {C63FEEB2-BB59-40DC-BEEB-A0C5828ABAB5}
		{EAA8174D-EF46-4951-B3AF-1D768C3AA860} = {C63FEEB2-BB59-40DC-BEEB-A0C5828ABAB5}
		{BD277DF3-BDCC-4231-9F9D-BF2A9E758FC1} = {C63FEEB2-BB59-40DC-BEEB-A0C5828ABAB5}
		{6C810E5A-B948-44E4-8792-E102163A2887} = {111D90EF-E7AF-42E3-985F-B7E1193552B3}
		{E8293165-E8FD-464F-A03A-69E22563DEC3} = {6C810E5A-B948-44E4-8792-E102163A2887}
		{DFB44CC1-5521-40C1-94F2-B99993317906} = {26F84BD7-AEFE-48AD-AD3D-68BCF0064614}
		{58454FE7-3A23-4068-A49B-DD7826676AD5} = {26F84BD7-AEFE-48AD-AD3D-68BCF0064614}
		{2464B36B-4E26-48C8-B017-5E418C8D217F} = {111D90EF-E7AF-42E3-985F-B7E1193552B3}
		{F83877BD-282C-4785-8A3B-D36D138B9228} = {2464B36B-4E26-48C8-B017-5E418C8D217F}
		{6469DEB1-34CE-404A-B656-8B80DAE3DECD} = {C8917F48-55B4-4259-963D-FF026247F65D}
		{2BB0C633-05EB-485D-AB75-74D609C7E8B5} = {111D90EF-E7AF-42E3-985F-B7E1193552B3}
		{398BD2A4-0190-44F8-A16F-C3B4D1B18DD5} = {2BB0C633-05EB-485D-AB75-74D609C7E8B5}
		{B8444272-850E-4812-8C5D-62042246656E} = {111D90EF-E7AF-42E3-985F-B7E1193552B3}
		{F70B83C7-4252-4C82-A989-CA80A4AF7BEA} = {B8444272-850E-4812-8C5D-62042246656E}
	EndGlobalSection
	GlobalSection(ExtensibilityGlobals) = postSolution
		SolutionGuid = {1DFDD18C-2BB1-4D55-8239-FFF80F0D1873}
	EndGlobalSection
EndGlobal
